{
  "name": "multinexo-dev",
  "version": "0.0.0",
  "lockfileVersion": 1,
  "requires": true,
  "dependencies": {
    "@reyesoft/dev-docs-base": {
      "version": "0.0.5",
      "resolved": "https://registry.npmjs.org/@reyesoft/dev-docs-base/-/dev-docs-base-0.0.5.tgz",
      "integrity": "sha512-B0QEyBTawfLWYpGkyO6ZKWm+q5OzPWkHm9MsDZad+1fybPBBw0yU59skPhA//m5+Wt+kvXdmaUtUBmG8MpX3qw=="
    }
  }
}
