{
  "name": "multinexo-dev",
  "version": "0.0.0",
  "lockfileVersion": 1,
  "requires": true,
  "dependencies": {
    "@reyesoft/dev-docs-base": {
      "version": "0.0.2",
      "resolved": "https://registry.npmjs.org/@reyesoft/dev-docs-base/-/dev-docs-base-0.0.2.tgz",
      "integrity": "sha512-y6JRcyCWgj1OBtWlmir23NPkoblyp4wfHtHoOdsIoegMbk+QDkox/8BtdP8eXya0qkC10R6FQmC3cH73061mcg=="
    }
  }
}
