{
  "name": "multinexo-dev",
  "version": "0.0.0",
  "lockfileVersion": 1,
  "requires": true,
  "dependencies": {
    "@reyesoft/dev-docs-base": {
      "version": "0.0.4",
      "resolved": "https://registry.npmjs.org/@reyesoft/dev-docs-base/-/dev-docs-base-0.0.4.tgz",
      "integrity": "sha512-TU+M8u9+LkXh6AGoY7YbqvOYJSRrERrQwiHy5pmWbpddw/JdguDLD0FoyfRTGhMZ5qwU1Kl87MnE2CtU6oS/XQ=="
    }
  }
}
