# THIS IS AN AUTOGENERATED FILE. DO NOT EDIT THIS FILE DIRECTLY.
# yarn lockfile v1


"@reyesoft/dev-docs-base@0.0.9":
  version "0.0.9"
  resolved "https://registry.yarnpkg.com/@reyesoft/dev-docs-base/-/dev-docs-base-0.0.9.tgz#5d36347655d541139fd4625ccfaefe4e90649f27"
  integrity sha512-NWUny7k23FzaWfjw3NPi/OopK4JmNs7JX9hVmoOzxa/vx17qTbZfn/A5AU4jHf5P/Yk2/5W7sM7jzcD/612wKw==
