# THIS IS AN AUTOGENERATED FILE. DO NOT EDIT THIS FILE DIRECTLY.
# yarn lockfile v1


"@reyesoft/dev-docs-base@0.0.4":
  version "0.0.4"
  resolved "https://registry.yarnpkg.com/@reyesoft/dev-docs-base/-/dev-docs-base-0.0.4.tgz#46699a23eaebf268cc4bc83bd80a2eb833ca67b2"
  integrity sha512-TU+M8u9+LkXh6AGoY7YbqvOYJSRrERrQwiHy5pmWbpddw/JdguDLD0FoyfRTGhMZ5qwU1Kl87MnE2CtU6oS/XQ==
